
Microsoft Visual Studio Solution File, Format Version 12.00
# Visual Studio Version 17
VisualStudioVersion = 17.7.34221.43
MinimumVisualStudioVersion = 10.0.40219.1
Project("{9A19103F-16F7-4668-BE54-9A1E7A4F7556}") = "MinimalAPI_Test", "MinimalAPI_Test.csproj", "{4409B182-1168-45A0-BA7A-7882277DAAF1}"
EndProject
Global
	GlobalSection(SolutionConfigurationPlatforms) = preSolution
		Debug|Any CPU = Debug|Any CPU
		Release|Any CPU = Release|Any CPU
	EndGlobalSection
	GlobalSection(ProjectConfigurationPlatforms) = postSolution
		{4409B182-1168-45A0-BA7A-7882277DAAF1}.Debug|Any CPU.ActiveCfg = Debug|Any CPU
		{4409B182-1168-45A0-BA7A-7882277DAAF1}.Debug|Any CPU.Build.0 = Debug|Any CPU
		{4409B182-1168-45A0-BA7A-7882277DAAF1}.Release|Any CPU.ActiveCfg = Release|Any CPU
		{4409B182-1168-45A0-BA7A-7882277DAAF1}.Release|Any CPU.Build.0 = Release|Any CPU
	EndGlobalSection
	GlobalSection(SolutionProperties) = preSolution
		HideSolutionNode = FALSE
	EndGlobalSection
	GlobalSection(ExtensibilityGlobals) = postSolution
		SolutionGuid = {4287DE0E-244E-4661-AEF7-7908C1A9ABE6}
	EndGlobalSection
EndGlobal
